// !$*UTF8*$!
{
	archiveVersion = 1;
	classes = {
	};
	objectVersion = 46;
	objects = {

/* Begin PBXBuildFile section */
		044123710DA542C360CD444D /* Pods_MyTreeMapTests.framework in Frameworks */ = {isa = PBXBuildFile; fileRef = F1CE1E2BEA679BCF2233F488 /* Pods_MyTreeMapTests.framework */; };
		15B4409109BF0988416F9522 /* Pods_MyTreeMap.framework in Frameworks */ = {isa = PBXBuildFile; fileRef = 816B3C0CFA00F9A6FA0142AE /* Pods_MyTreeMap.framework */; };
		AFD2C65C1D47F06F00A64FA3 /* AppDelegate.swift in Sources */ = {isa = PBXBuildFile; fileRef = AFD2C65B1D47F06F00A64FA3 /* AppDelegate.swift */; };
		AFD2C65E1D47F06F00A64FA3 /* ViewController.swift in Sources */ = {isa = PBXBuildFile; fileRef = AFD2C65D1D47F06F00A64FA3 /* ViewController.swift */; };
		AFD2C6601D47F06F00A64FA3 /* Assets.xcassets in Resources */ = {isa = PBXBuildFile; fileRef = AFD2C65F1D47F06F00A64FA3 /* Assets.xcassets */; };
		AFD2C6631D47F06F00A64FA3 /* Main.storyboard in Resources */ = {isa = PBXBuildFile; fileRef = AFD2C6611D47F06F00A64FA3 /* Main.storyboard */; };
		AFD2C66E1D47F06F00A64FA3 /* MyTreeMapTests.swift in Sources */ = {isa = PBXBuildFile; fileRef = AFD2C66D1D47F06F00A64FA3 /* MyTreeMapTests.swift */; };
		AFD2C67B1D47F8F600A64FA3 /* File.swift in Sources */ = {isa = PBXBuildFile; fileRef = AFD2C67A1D47F8F600A64FA3 /* File.swift */; };
		AFD2C67C1D47F8F600A64FA3 /* File.swift in Sources */ = {isa = PBXBuildFile; fileRef = AFD2C67A1D47F8F600A64FA3 /* File.swift */; };
/* End PBXBuildFile section */

/* Begin PBXContainerItemProxy section */
		AFD2C66A1D47F06F00A64FA3 /* PBXContainerItemProxy */ = {
			isa = PBXContainerItemProxy;
			containerPortal = AFD2C6501D47F06F00A64FA3 /* Project object */;
			proxyType = 1;
			remoteGlobalIDString = AFD2C6571D47F06F00A64FA3;
			remoteInfo = MyTreeMap;
		};
/* End PBXContainerItemProxy section */

/* Begin PBXFileReference section */
		0869C07C626121FA627B41CA /* Pods-MyTreeMapTests.debug.xcconfig */ = {isa = PBXFileReference; includeInIndex = 1; lastKnownFileType = text.xcconfig; name = "Pods-MyTreeMapTests.debug.xcconfig"; path = "Pods/Target Support Files/Pods-MyTreeMapTests/Pods-MyTreeMapTests.debug.xcconfig"; sourceTree = "<group>"; };
		0C6746B776B9B3AA4169D4D3 /* Pods-MyTreeMap.release.xcconfig */ = {isa = PBXFileReference; includeInIndex = 1; lastKnownFileType = text.xcconfig; name = "Pods-MyTreeMap.release.xcconfig"; path = "Pods/Target Support Files/Pods-MyTreeMap/Pods-MyTreeMap.release.xcconfig"; sourceTree = "<group>"; };
		2D57A434B340A117C2B70A9F /* Pods-MyTreeMapTests.release.xcconfig */ = {isa = PBXFileReference; includeInIndex = 1; lastKnownFileType = text.xcconfig; name = "Pods-MyTreeMapTests.release.xcconfig"; path = "Pods/Target Support Files/Pods-MyTreeMapTests/Pods-MyTreeMapTests.release.xcconfig"; sourceTree = "<group>"; };
		44E7F12FDB645E8D9CE630C5 /* Pods-MyTreeMap.debug.xcconfig */ = {isa = PBXFileReference; includeInIndex = 1; lastKnownFileType = text.xcconfig; name = "Pods-MyTreeMap.debug.xcconfig"; path = "Pods/Target Support Files/Pods-MyTreeMap/Pods-MyTreeMap.debug.xcconfig"; sourceTree = "<group>"; };
		816B3C0CFA00F9A6FA0142AE /* Pods_MyTreeMap.framework */ = {isa = PBXFileReference; explicitFileType = wrapper.framework; includeInIndex = 0; path = Pods_MyTreeMap.framework; sourceTree = BUILT_PRODUCTS_DIR; };
		AFD2C6581D47F06F00A64FA3 /* MyTreeMap.app */ = {isa = PBXFileReference; explicitFileType = wrapper.application; includeInIndex = 0; path = MyTreeMap.app; sourceTree = BUILT_PRODUCTS_DIR; };
		AFD2C65B1D47F06F00A64FA3 /* AppDelegate.swift */ = {isa = PBXFileReference; lastKnownFileType = sourcecode.swift; path = AppDelegate.swift; sourceTree = "<group>"; };
		AFD2C65D1D47F06F00A64FA3 /* ViewController.swift */ = {isa = PBXFileReference; lastKnownFileType = sourcecode.swift; path = ViewController.swift; sourceTree = "<group>"; };
		AFD2C65F1D47F06F00A64FA3 /* Assets.xcassets */ = {isa = PBXFileReference; lastKnownFileType = folder.assetcatalog; path = Assets.xcassets; sourceTree = "<group>"; };
		AFD2C6621D47F06F00A64FA3 /* Base */ = {isa = PBXFileReference; lastKnownFileType = file.storyboard; name = Base; path = Base.lproj/Main.storyboard; sourceTree = "<group>"; };
		AFD2C6641D47F06F00A64FA3 /* Info.plist */ = {isa = PBXFileReference; lastKnownFileType = text.plist.xml; path = Info.plist; sourceTree = "<group>"; };
		AFD2C6691D47F06F00A64FA3 /* MyTreeMapTests.xctest */ = {isa = PBXFileReference; explicitFileType = wrapper.cfbundle; includeInIndex = 0; path = MyTreeMapTests.xctest; sourceTree = BUILT_PRODUCTS_DIR; };
		AFD2C66D1D47F06F00A64FA3 /* MyTreeMapTests.swift */ = {isa = PBXFileReference; lastKnownFileType = sourcecode.swift; path = MyTreeMapTests.swift; sourceTree = "<group>"; };
		AFD2C66F1D47F06F00A64FA3 /* Info.plist */ = {isa = PBXFileReference; lastKnownFileType = text.plist.xml; path = Info.plist; sourceTree = "<group>"; };
		AFD2C67A1D47F8F600A64FA3 /* File.swift */ = {isa = PBXFileReference; fileEncoding = 4; lastKnownFileType = sourcecode.swift; name = File.swift; path = ExplorativeTree/File.swift; sourceTree = "<group>"; };
		AFD2C67D1D47FB5100A64FA3 /* MyPlayground.playground */ = {isa = PBXFileReference; lastKnownFileType = file.playground; name = MyPlayground.playground; path = MyTreeMap/ExplorativeTree/MyPlayground.playground; sourceTree = "<group>"; };
		F1CE1E2BEA679BCF2233F488 /* Pods_MyTreeMapTests.framework */ = {isa = PBXFileReference; explicitFileType = wrapper.framework; includeInIndex = 0; path = Pods_MyTreeMapTests.framework; sourceTree = BUILT_PRODUCTS_DIR; };
/* End PBXFileReference section */

/* Begin PBXFrameworksBuildPhase section */
		AFD2C6551D47F06F00A64FA3 /* Frameworks */ = {
			isa = PBXFrameworksBuildPhase;
			buildActionMask = 2147483647;
			files = (
				15B4409109BF0988416F9522 /* Pods_MyTreeMap.framework in Frameworks */,
			);
			runOnlyForDeploymentPostprocessing = 0;
		};
		AFD2C6661D47F06F00A64FA3 /* Frameworks */ = {
			isa = PBXFrameworksBuildPhase;
			buildActionMask = 2147483647;
			files = (
				044123710DA542C360CD444D /* Pods_MyTreeMapTests.framework in Frameworks */,
			);
			runOnlyForDeploymentPostprocessing = 0;
		};
/* End PBXFrameworksBuildPhase section */

/* Begin PBXGroup section */
		6BA36CD30223A290749086CB /* Frameworks */ = {
			isa = PBXGroup;
			children = (
				816B3C0CFA00F9A6FA0142AE /* Pods_MyTreeMap.framework */,
				F1CE1E2BEA679BCF2233F488 /* Pods_MyTreeMapTests.framework */,
			);
			name = Frameworks;
			sourceTree = "<group>";
		};
		6FBD59676D71C820E859BE03 /* Pods */ = {
			isa = PBXGroup;
			children = (
				44E7F12FDB645E8D9CE630C5 /* Pods-MyTreeMap.debug.xcconfig */,
				0C6746B776B9B3AA4169D4D3 /* Pods-MyTreeMap.release.xcconfig */,
				0869C07C626121FA627B41CA /* Pods-MyTreeMapTests.debug.xcconfig */,
				2D57A434B340A117C2B70A9F /* Pods-MyTreeMapTests.release.xcconfig */,
			);
			name = Pods;
			sourceTree = "<group>";
		};
		AFD2C64F1D47F06F00A64FA3 = {
			isa = PBXGroup;
			children = (
				AFD2C67D1D47FB5100A64FA3 /* MyPlayground.playground */,
				AFD2C65A1D47F06F00A64FA3 /* MyTreeMap */,
				AFD2C66C1D47F06F00A64FA3 /* MyTreeMapTests */,
				AFD2C6591D47F06F00A64FA3 /* Products */,
				6FBD59676D71C820E859BE03 /* Pods */,
				6BA36CD30223A290749086CB /* Frameworks */,
			);
			sourceTree = "<group>";
		};
		AFD2C6591D47F06F00A64FA3 /* Products */ = {
			isa = PBXGroup;
			children = (
				AFD2C6581D47F06F00A64FA3 /* MyTreeMap.app */,
				AFD2C6691D47F06F00A64FA3 /* MyTreeMapTests.xctest */,
			);
			name = Products;
			sourceTree = "<group>";
		};
		AFD2C65A1D47F06F00A64FA3 /* MyTreeMap */ = {
			isa = PBXGroup;
			children = (
				AFD2C6781D47F81600A64FA3 /* ExplorativeTree */,
				AFD2C65B1D47F06F00A64FA3 /* AppDelegate.swift */,
				AFD2C65D1D47F06F00A64FA3 /* ViewController.swift */,
				AFD2C65F1D47F06F00A64FA3 /* Assets.xcassets */,
				AFD2C6611D47F06F00A64FA3 /* Main.storyboard */,
				AFD2C6641D47F06F00A64FA3 /* Info.plist */,
			);
			path = MyTreeMap;
			sourceTree = "<group>";
		};
		AFD2C66C1D47F06F00A64FA3 /* MyTreeMapTests */ = {
			isa = PBXGroup;
			children = (
				AFD2C66D1D47F06F00A64FA3 /* MyTreeMapTests.swift */,
				AFD2C66F1D47F06F00A64FA3 /* Info.plist */,
			);
			path = MyTreeMapTests;
			sourceTree = "<group>";
		};
		AFD2C6781D47F81600A64FA3 /* ExplorativeTree */ = {
			isa = PBXGroup;
			children = (
				AFD2C67A1D47F8F600A64FA3 /* File.swift */,
			);
			name = ExplorativeTree;
			sourceTree = "<group>";
		};
/* End PBXGroup section */

/* Begin PBXNativeTarget section */
		AFD2C6571D47F06F00A64FA3 /* MyTreeMap */ = {
			isa = PBXNativeTarget;
			buildConfigurationList = AFD2C6721D47F06F00A64FA3 /* Build configuration list for PBXNativeTarget "MyTreeMap" */;
			buildPhases = (
				CB27E98CCE2E2A9F9234A755 /* [CP] Check Pods Manifest.lock */,
				AFD2C6541D47F06F00A64FA3 /* Sources */,
				AFD2C6551D47F06F00A64FA3 /* Frameworks */,
				AFD2C6561D47F06F00A64FA3 /* Resources */,
				D169D533C4BD467020E2BF5D /* [CP] Embed Pods Frameworks */,
				AB84A5C76DA9DADB77AB4750 /* [CP] Copy Pods Resources */,
			);
			buildRules = (
			);
			dependencies = (
			);
			name = MyTreeMap;
			productName = MyTreeMap;
			productReference = AFD2C6581D47F06F00A64FA3 /* MyTreeMap.app */;
			productType = "com.apple.product-type.application";
		};
		AFD2C6681D47F06F00A64FA3 /* MyTreeMapTests */ = {
			isa = PBXNativeTarget;
			buildConfigurationList = AFD2C6751D47F06F00A64FA3 /* Build configuration list for PBXNativeTarget "MyTreeMapTests" */;
			buildPhases = (
				AA6CA49C8D5A059F14BE4543 /* [CP] Check Pods Manifest.lock */,
				AFD2C6651D47F06F00A64FA3 /* Sources */,
				AFD2C6661D47F06F00A64FA3 /* Frameworks */,
				AFD2C6671D47F06F00A64FA3 /* Resources */,
				3B5B0624FE236C6B3FE4944C /* [CP] Embed Pods Frameworks */,
				70816FEFDC5678FA52AF17E4 /* [CP] Copy Pods Resources */,
			);
			buildRules = (
			);
			dependencies = (
				AFD2C66B1D47F06F00A64FA3 /* PBXTargetDependency */,
			);
			name = MyTreeMapTests;
			productName = MyTreeMapTests;
			productReference = AFD2C6691D47F06F00A64FA3 /* MyTreeMapTests.xctest */;
			productType = "com.apple.product-type.bundle.unit-test";
		};
/* End PBXNativeTarget section */

/* Begin PBXProject section */
		AFD2C6501D47F06F00A64FA3 /* Project object */ = {
			isa = PBXProject;
			attributes = {
				LastSwiftUpdateCheck = 0730;
				LastUpgradeCheck = 0730;
				ORGANIZATIONNAME = "max rogers";
				TargetAttributes = {
					AFD2C6571D47F06F00A64FA3 = {
						CreatedOnToolsVersion = 7.3.1;
						LastSwiftMigration = 0800;
					};
					AFD2C6681D47F06F00A64FA3 = {
						CreatedOnToolsVersion = 7.3.1;
						LastSwiftMigration = 0800;
						TestTargetID = AFD2C6571D47F06F00A64FA3;
					};
				};
			};
			buildConfigurationList = AFD2C6531D47F06F00A64FA3 /* Build configuration list for PBXProject "MyTreeMap" */;
			compatibilityVersion = "Xcode 3.2";
			developmentRegion = English;
			hasScannedForEncodings = 0;
			knownRegions = (
				en,
				Base,
			);
			mainGroup = AFD2C64F1D47F06F00A64FA3;
			productRefGroup = AFD2C6591D47F06F00A64FA3 /* Products */;
			projectDirPath = "";
			projectRoot = "";
			targets = (
				AFD2C6571D47F06F00A64FA3 /* MyTreeMap */,
				AFD2C6681D47F06F00A64FA3 /* MyTreeMapTests */,
			);
		};
/* End PBXProject section */

/* Begin PBXResourcesBuildPhase section */
		AFD2C6561D47F06F00A64FA3 /* Resources */ = {
			isa = PBXResourcesBuildPhase;
			buildActionMask = 2147483647;
			files = (
				AFD2C6601D47F06F00A64FA3 /* Assets.xcassets in Resources */,
				AFD2C6631D47F06F00A64FA3 /* Main.storyboard in Resources */,
			);
			runOnlyForDeploymentPostprocessing = 0;
		};
		AFD2C6671D47F06F00A64FA3 /* Resources */ = {
			isa = PBXResourcesBuildPhase;
			buildActionMask = 2147483647;
			files = (
			);
			runOnlyForDeploymentPostprocessing = 0;
		};
/* End PBXResourcesBuildPhase section */

/* Begin PBXShellScriptBuildPhase section */
		3B5B0624FE236C6B3FE4944C /* [CP] Embed Pods Frameworks */ = {
			isa = PBXShellScriptBuildPhase;
			buildActionMask = 2147483647;
			files = (
			);
			inputPaths = (
			);
			name = "[CP] Embed Pods Frameworks";
			outputPaths = (
			);
			runOnlyForDeploymentPostprocessing = 0;
			shellPath = /bin/sh;
			shellScript = "\"${SRCROOT}/Pods/Target Support Files/Pods-MyTreeMapTests/Pods-MyTreeMapTests-frameworks.sh\"\n";
			showEnvVarsInLog = 0;
		};
		70816FEFDC5678FA52AF17E4 /* [CP] Copy Pods Resources */ = {
			isa = PBXShellScriptBuildPhase;
			buildActionMask = 2147483647;
			files = (
			);
			inputPaths = (
			);
			name = "[CP] Copy Pods Resources";
			outputPaths = (
			);
			runOnlyForDeploymentPostprocessing = 0;
			shellPath = /bin/sh;
			shellScript = "\"${SRCROOT}/Pods/Target Support Files/Pods-MyTreeMapTests/Pods-MyTreeMapTests-resources.sh\"\n";
			showEnvVarsInLog = 0;
		};
		AA6CA49C8D5A059F14BE4543 /* [CP] Check Pods Manifest.lock */ = {
			isa = PBXShellScriptBuildPhase;
			buildActionMask = 2147483647;
			files = (
			);
			inputPaths = (
			);
			name = "[CP] Check Pods Manifest.lock";
			outputPaths = (
			);
			runOnlyForDeploymentPostprocessing = 0;
			shellPath = /bin/sh;
			shellScript = "diff \"${PODS_ROOT}/../Podfile.lock\" \"${PODS_ROOT}/Manifest.lock\" > /dev/null\nif [[ $? != 0 ]] ; then\n    cat << EOM\nerror: The sandbox is not in sync with the Podfile.lock. Run 'pod install' or update your CocoaPods installation.\nEOM\n    exit 1\nfi\n";
			showEnvVarsInLog = 0;
		};
		AB84A5C76DA9DADB77AB4750 /* [CP] Copy Pods Resources */ = {
			isa = PBXShellScriptBuildPhase;
			buildActionMask = 2147483647;
			files = (
			);
			inputPaths = (
			);
			name = "[CP] Copy Pods Resources";
			outputPaths = (
			);
			runOnlyForDeploymentPostprocessing = 0;
			shellPath = /bin/sh;
			shellScript = "\"${SRCROOT}/Pods/Target Support Files/Pods-MyTreeMap/Pods-MyTreeMap-resources.sh\"\n";
			showEnvVarsInLog = 0;
		};
		CB27E98CCE2E2A9F9234A755 /* [CP] Check Pods Manifest.lock */ = {
			isa = PBXShellScriptBuildPhase;
			buildActionMask = 2147483647;
			files = (
			);
			inputPaths = (
			);
			name = "[CP] Check Pods Manifest.lock";
			outputPaths = (
			);
			runOnlyForDeploymentPostprocessing = 0;
			shellPath = /bin/sh;
			shellScript = "diff \"${PODS_ROOT}/../Podfile.lock\" \"${PODS_ROOT}/Manifest.lock\" > /dev/null\nif [[ $? != 0 ]] ; then\n    cat << EOM\nerror: The sandbox is not in sync with the Podfile.lock. Run 'pod install' or update your CocoaPods installation.\nEOM\n    exit 1\nfi\n";
			showEnvVarsInLog = 0;
		};
		D169D533C4BD467020E2BF5D /* [CP] Embed Pods Frameworks */ = {
			isa = PBXShellScriptBuildPhase;
			buildActionMask = 2147483647;
			files = (
			);
			inputPaths = (
			);
			name = "[CP] Embed Pods Frameworks";
			outputPaths = (
			);
			runOnlyForDeploymentPostprocessing = 0;
			shellPath = /bin/sh;
			shellScript = "\"${SRCROOT}/Pods/Target Support Files/Pods-MyTreeMap/Pods-MyTreeMap-frameworks.sh\"\n";
			showEnvVarsInLog = 0;
		};
/* End PBXShellScriptBuildPhase section */

/* Begin PBXSourcesBuildPhase section */
		AFD2C6541D47F06F00A64FA3 /* Sources */ = {
			isa = PBXSourcesBuildPhase;
			buildActionMask = 2147483647;
			files = (
				AFD2C65E1D47F06F00A64FA3 /* ViewController.swift in Sources */,
				AFD2C67B1D47F8F600A64FA3 /* File.swift in Sources */,
				AFD2C65C1D47F06F00A64FA3 /* AppDelegate.swift in Sources */,
			);
			runOnlyForDeploymentPostprocessing = 0;
		};
		AFD2C6651D47F06F00A64FA3 /* Sources */ = {
			isa = PBXSourcesBuildPhase;
			buildActionMask = 2147483647;
			files = (
				AFD2C66E1D47F06F00A64FA3 /* MyTreeMapTests.swift in Sources */,
				AFD2C67C1D47F8F600A64FA3 /* File.swift in Sources */,
			);
			runOnlyForDeploymentPostprocessing = 0;
		};
/* End PBXSourcesBuildPhase section */

/* Begin PBXTargetDependency section */
		AFD2C66B1D47F06F00A64FA3 /* PBXTargetDependency */ = {
			isa = PBXTargetDependency;
			target = AFD2C6571D47F06F00A64FA3 /* MyTreeMap */;
			targetProxy = AFD2C66A1D47F06F00A64FA3 /* PBXContainerItemProxy */;
		};
/* End PBXTargetDependency section */

/* Begin PBXVariantGroup section */
		AFD2C6611D47F06F00A64FA3 /* Main.storyboard */ = {
			isa = PBXVariantGroup;
			children = (
				AFD2C6621D47F06F00A64FA3 /* Base */,
			);
			name = Main.storyboard;
			sourceTree = "<group>";
		};
/* End PBXVariantGroup section */

/* Begin XCBuildConfiguration section */
		AFD2C6701D47F06F00A64FA3 /* Debug */ = {
			isa = XCBuildConfiguration;
			buildSettings = {
				ALWAYS_SEARCH_USER_PATHS = NO;
				CLANG_ANALYZER_NONNULL = YES;
				CLANG_CXX_LANGUAGE_STANDARD = "gnu++0x";
				CLANG_CXX_LIBRARY = "libc++";
				CLANG_ENABLE_MODULES = YES;
				CLANG_ENABLE_OBJC_ARC = YES;
				CLANG_WARN_BOOL_CONVERSION = YES;
				CLANG_WARN_CONSTANT_CONVERSION = YES;
				CLANG_WARN_DIRECT_OBJC_ISA_USAGE = YES_ERROR;
				CLANG_WARN_EMPTY_BODY = YES;
				CLANG_WARN_ENUM_CONVERSION = YES;
				CLANG_WARN_INT_CONVERSION = YES;
				CLANG_WARN_OBJC_ROOT_CLASS = YES_ERROR;
				CLANG_WARN_UNREACHABLE_CODE = YES;
				CLANG_WARN__DUPLICATE_METHOD_MATCH = YES;
				CODE_SIGN_IDENTITY = "-";
				COPY_PHASE_STRIP = NO;
				DEBUG_INFORMATION_FORMAT = dwarf;
				ENABLE_STRICT_OBJC_MSGSEND = YES;
				ENABLE_TESTABILITY = YES;
				GCC_C_LANGUAGE_STANDARD = gnu99;
				GCC_DYNAMIC_NO_PIC = NO;
				GCC_NO_COMMON_BLOCKS = YES;
				GCC_OPTIMIZATION_LEVEL = 0;
				GCC_PREPROCESSOR_DEFINITIONS = (
					"DEBUG=1",
					"$(inherited)",
				);
				GCC_WARN_64_TO_32_BIT_CONVERSION = YES;
				GCC_WARN_ABOUT_RETURN_TYPE = YES_ERROR;
				GCC_WARN_UNDECLARED_SELECTOR = YES;
				GCC_WARN_UNINITIALIZED_AUTOS = YES_AGGRESSIVE;
				GCC_WARN_UNUSED_FUNCTION = YES;
				GCC_WARN_UNUSED_VARIABLE = YES;
				MACOSX_DEPLOYMENT_TARGET = 10.11;
				MTL_ENABLE_DEBUG_INFO = YES;
				ONLY_ACTIVE_ARCH = YES;
				SDKROOT = macosx;
				SWIFT_OPTIMIZATION_LEVEL = "-Onone";
			};
			name = Debug;
		};
		AFD2C6711D47F06F00A64FA3 /* Release */ = {
			isa = XCBuildConfiguration;
			buildSettings = {
				ALWAYS_SEARCH_USER_PATHS = NO;
				CLANG_ANALYZER_NONNULL = YES;
				CLANG_CXX_LANGUAGE_STANDARD = "gnu++0x";
				CLANG_CXX_LIBRARY = "libc++";
				CLANG_ENABLE_MODULES = YES;
				CLANG_ENABLE_OBJC_ARC = YES;
				CLANG_WARN_BOOL_CONVERSION = YES;
				CLANG_WARN_CONSTANT_CONVERSION = YES;
				CLANG_WARN_DIRECT_OBJC_ISA_USAGE = YES_ERROR;
				CLANG_WARN_EMPTY_BODY = YES;
				CLANG_WARN_ENUM_CONVERSION = YES;
				CLANG_WARN_INT_CONVERSION = YES;
				CLANG_WARN_OBJC_ROOT_CLASS = YES_ERROR;
				CLANG_WARN_UNREACHABLE_CODE = YES;
				CLANG_WARN__DUPLICATE_METHOD_MATCH = YES;
				CODE_SIGN_IDENTITY = "-";
				COPY_PHASE_STRIP = NO;
				DEBUG_INFORMATION_FORMAT = "dwarf-with-dsym";
				ENABLE_NS_ASSERTIONS = NO;
				ENABLE_STRICT_OBJC_MSGSEND = YES;
				GCC_C_LANGUAGE_STANDARD = gnu99;
				GCC_NO_COMMON_BLOCKS = YES;
				GCC_WARN_64_TO_32_BIT_CONVERSION = YES;
				GCC_WARN_ABOUT_RETURN_TYPE = YES_ERROR;
				GCC_WARN_UNDECLARED_SELECTOR = YES;
				GCC_WARN_UNINITIALIZED_AUTOS = YES_AGGRESSIVE;
				GCC_WARN_UNUSED_FUNCTION = YES;
				GCC_WARN_UNUSED_VARIABLE = YES;
				MACOSX_DEPLOYMENT_TARGET = 10.11;
				MTL_ENABLE_DEBUG_INFO = NO;
				SDKROOT = macosx;
			};
			name = Release;
		};
		AFD2C6731D47F06F00A64FA3 /* Debug */ = {
			isa = XCBuildConfiguration;
			baseConfigurationReference = 44E7F12FDB645E8D9CE630C5 /* Pods-MyTreeMap.debug.xcconfig */;
			buildSettings = {
				ASSETCATALOG_COMPILER_APPICON_NAME = AppIcon;
				COMBINE_HIDPI_IMAGES = YES;
				INFOPLIST_FILE = MyTreeMap/Info.plist;
				LD_RUNPATH_SEARCH_PATHS = "$(inherited) @executable_path/../Frameworks";
				PRODUCT_BUNDLE_IDENTIFIER = max.rogers.MyTreeMap;
				PRODUCT_NAME = "$(TARGET_NAME)";
				SWIFT_VERSION = 2.3;
			};
			name = Debug;
		};
		AFD2C6741D47F06F00A64FA3 /* Release */ = {
			isa = XCBuildConfiguration;
			baseConfigurationReference = 0C6746B776B9B3AA4169D4D3 /* Pods-MyTreeMap.release.xcconfig */;
			buildSettings = {
				ASSETCATALOG_COMPILER_APPICON_NAME = AppIcon;
				COMBINE_HIDPI_IMAGES = YES;
				INFOPLIST_FILE = MyTreeMap/Info.plist;
				LD_RUNPATH_SEARCH_PATHS = "$(inherited) @executable_path/../Frameworks";
				PRODUCT_BUNDLE_IDENTIFIER = max.rogers.MyTreeMap;
				PRODUCT_NAME = "$(TARGET_NAME)";
				SWIFT_VERSION = 2.3;
			};
			name = Release;
		};
		AFD2C6761D47F06F00A64FA3 /* Debug */ = {
			isa = XCBuildConfiguration;
			baseConfigurationReference = 0869C07C626121FA627B41CA /* Pods-MyTreeMapTests.debug.xcconfig */;
			buildSettings = {
				BUNDLE_LOADER = "$(TEST_HOST)";
				COMBINE_HIDPI_IMAGES = YES;
				INFOPLIST_FILE = MyTreeMapTests/Info.plist;
				LD_RUNPATH_SEARCH_PATHS = "$(inherited) @executable_path/../Frameworks @loader_path/../Frameworks";
				PRODUCT_BUNDLE_IDENTIFIER = max.rogers.MyTreeMapTests;
				PRODUCT_NAME = "$(TARGET_NAME)";
				SWIFT_VERSION = 2.3;
				TEST_HOST = "$(BUILT_PRODUCTS_DIR)/MyTreeMap.app/Contents/MacOS/MyTreeMap";
			};
			name = Debug;
		};
		AFD2C6771D47F06F00A64FA3 /* Release */ = {
			isa = XCBuildConfiguration;
			baseConfigurationReference = 2D57A434B340A117C2B70A9F /* Pods-MyTreeMapTests.release.xcconfig */;
			buildSettings = {
				BUNDLE_LOADER = "$(TEST_HOST)";
				COMBINE_HIDPI_IMAGES = YES;
				INFOPLIST_FILE = MyTreeMapTests/Info.plist;
				LD_RUNPATH_SEARCH_PATHS = "$(inherited) @executable_path/../Frameworks @loader_path/../Frameworks";
				PRODUCT_BUNDLE_IDENTIFIER = max.rogers.MyTreeMapTests;
				PRODUCT_NAME = "$(TARGET_NAME)";
				SWIFT_VERSION = 2.3;
				TEST_HOST = "$(BUILT_PRODUCTS_DIR)/MyTreeMap.app/Contents/MacOS/MyTreeMap";
			};
			name = Release;
		};
/* End XCBuildConfiguration section */

/* Begin XCConfigurationList section */
		AFD2C6531D47F06F00A64FA3 /* Build configuration list for PBXProject "MyTreeMap" */ = {
			isa = XCConfigurationList;
			buildConfigurations = (
				AFD2C6701D47F06F00A64FA3 /* Debug */,
				AFD2C6711D47F06F00A64FA3 /* Release */,
			);
			defaultConfigurationIsVisible = 0;
			defaultConfigurationName = Release;
		};
		AFD2C6721D47F06F00A64FA3 /* Build configuration list for PBXNativeTarget "MyTreeMap" */ = {
			isa = XCConfigurationList;
			buildConfigurations = (
				AFD2C6731D47F06F00A64FA3 /* Debug */,
				AFD2C6741D47F06F00A64FA3 /* Release */,
			);
			defaultConfigurationIsVisible = 0;
			defaultConfigurationName = Release;
		};
		AFD2C6751D47F06F00A64FA3 /* Build configuration list for PBXNativeTarget "MyTreeMapTests" */ = {
			isa = XCConfigurationList;
			buildConfigurations = (
				AFD2C6761D47F06F00A64FA3 /* Debug */,
				AFD2C6771D47F06F00A64FA3 /* Release */,
			);
			defaultConfigurationIsVisible = 0;
			defaultConfigurationName = Release;
		};
/* End XCConfigurationList section */
	};
	rootObject = AFD2C6501D47F06F00A64FA3 /* Project object */;
}
