// !$*UTF8*$!
{
	archiveVersion = 1;
	classes = {
	};
	objectVersion = 46;
	objects = {

/* Begin PBXBuildFile section */
		AFD2C65C1D47F06F00A64FA3 /* AppDelegate.swift in Sources */ = {isa = PBXBuildFile; fileRef = AFD2C65B1D47F06F00A64FA3 /* AppDelegate.swift */; };
		AFD2C65E1D47F06F00A64FA3 /* ViewController.swift in Sources */ = {isa = PBXBuildFile; fileRef = AFD2C65D1D47F06F00A64FA3 /* ViewController.swift */; };
		AFD2C6601D47F06F00A64FA3 /* Assets.xcassets in Resources */ = {isa = PBXBuildFile; fileRef = AFD2C65F1D47F06F00A64FA3 /* Assets.xcassets */; };
		AFD2C6631D47F06F00A64FA3 /* Main.storyboard in Resources */ = {isa = PBXBuildFile; fileRef = AFD2C6611D47F06F00A64FA3 /* Main.storyboard */; };
		AFD2C66E1D47F06F00A64FA3 /* MyTreeMapTests.swift in Sources */ = {isa = PBXBuildFile; fileRef = AFD2C66D1D47F06F00A64FA3 /* MyTreeMapTests.swift */; };
/* End PBXBuildFile section */

/* Begin PBXContainerItemProxy section */
		AFD2C66A1D47F06F00A64FA3 /* PBXContainerItemProxy */ = {
			isa = PBXContainerItemProxy;
			containerPortal = AFD2C6501D47F06F00A64FA3 /* Project object */;
			proxyType = 1;
			remoteGlobalIDString = AFD2C6571D47F06F00A64FA3;
			remoteInfo = MyTreeMap;
		};
/* End PBXContainerItemProxy section */

/* Begin PBXFileReference section */
		AFD2C6581D47F06F00A64FA3 /* MyTreeMap.app */ = {isa = PBXFileReference; explicitFileType = wrapper.application; includeInIndex = 0; path = MyTreeMap.app; sourceTree = BUILT_PRODUCTS_DIR; };
		AFD2C65B1D47F06F00A64FA3 /* AppDelegate.swift */ = {isa = PBXFileReference; lastKnownFileType = sourcecode.swift; path = AppDelegate.swift; sourceTree = "<group>"; };
		AFD2C65D1D47F06F00A64FA3 /* ViewController.swift */ = {isa = PBXFileReference; lastKnownFileType = sourcecode.swift; path = ViewController.swift; sourceTree = "<group>"; };
		AFD2C65F1D47F06F00A64FA3 /* Assets.xcassets */ = {isa = PBXFileReference; lastKnownFileType = folder.assetcatalog; path = Assets.xcassets; sourceTree = "<group>"; };
		AFD2C6621D47F06F00A64FA3 /* Base */ = {isa = PBXFileReference; lastKnownFileType = file.storyboard; name = Base; path = Base.lproj/Main.storyboard; sourceTree = "<group>"; };
		AFD2C6641D47F06F00A64FA3 /* Info.plist */ = {isa = PBXFileReference; lastKnownFileType = text.plist.xml; path = Info.plist; sourceTree = "<group>"; };
		AFD2C6691D47F06F00A64FA3 /* MyTreeMapTests.xctest */ = {isa = PBXFileReference; explicitFileType = wrapper.cfbundle; includeInIndex = 0; path = MyTreeMapTests.xctest; sourceTree = BUILT_PRODUCTS_DIR; };
		AFD2C66D1D47F06F00A64FA3 /* MyTreeMapTests.swift */ = {isa = PBXFileReference; lastKnownFileType = sourcecode.swift; path = MyTreeMapTests.swift; sourceTree = "<group>"; };
		AFD2C66F1D47F06F00A64FA3 /* Info.plist */ = {isa = PBXFileReference; lastKnownFileType = text.plist.xml; path = Info.plist; sourceTree = "<group>"; };
/* End PBXFileReference section */

/* Begin PBXFrameworksBuildPhase section */
		AFD2C6551D47F06F00A64FA3 /* Frameworks */ = {
			isa = PBXFrameworksBuildPhase;
			buildActionMask = 2147483647;
			files = (
			);
			runOnlyForDeploymentPostprocessing = 0;
		};
		AFD2C6661D47F06F00A64FA3 /* Frameworks */ = {
			isa = PBXFrameworksBuildPhase;
			buildActionMask = 2147483647;
			files = (
			);
			runOnlyForDeploymentPostprocessing = 0;
		};
/* End PBXFrameworksBuildPhase section */

/* Begin PBXGroup section */
		AFD2C64F1D47F06F00A64FA3 = {
			isa = PBXGroup;
			children = (
				AFD2C65A1D47F06F00A64FA3 /* MyTreeMap */,
				AFD2C66C1D47F06F00A64FA3 /* MyTreeMapTests */,
				AFD2C6591D47F06F00A64FA3 /* Products */,
			);
			sourceTree = "<group>";
		};
		AFD2C6591D47F06F00A64FA3 /* Products */ = {
			isa = PBXGroup;
			children = (
				AFD2C6581D47F06F00A64FA3 /* MyTreeMap.app */,
				AFD2C6691D47F06F00A64FA3 /* MyTreeMapTests.xctest */,
			);
			name = Products;
			sourceTree = "<group>";
		};
		AFD2C65A1D47F06F00A64FA3 /* MyTreeMap */ = {
			isa = PBXGroup;
			children = (
				AFD2C65B1D47F06F00A64FA3 /* AppDelegate.swift */,
				AFD2C65D1D47F06F00A64FA3 /* ViewController.swift */,
				AFD2C65F1D47F06F00A64FA3 /* Assets.xcassets */,
				AFD2C6611D47F06F00A64FA3 /* Main.storyboard */,
				AFD2C6641D47F06F00A64FA3 /* Info.plist */,
			);
			path = MyTreeMap;
			sourceTree = "<group>";
		};
		AFD2C66C1D47F06F00A64FA3 /* MyTreeMapTests */ = {
			isa = PBXGroup;
			children = (
				AFD2C66D1D47F06F00A64FA3 /* MyTreeMapTests.swift */,
				AFD2C66F1D47F06F00A64FA3 /* Info.plist */,
			);
			path = MyTreeMapTests;
			sourceTree = "<group>";
		};
/* End PBXGroup section */

/* Begin PBXNativeTarget section */
		AFD2C6571D47F06F00A64FA3 /* MyTreeMap */ = {
			isa = PBXNativeTarget;
			buildConfigurationList = AFD2C6721D47F06F00A64FA3 /* Build configuration list for PBXNativeTarget "MyTreeMap" */;
			buildPhases = (
				AFD2C6541D47F06F00A64FA3 /* Sources */,
				AFD2C6551D47F06F00A64FA3 /* Frameworks */,
				AFD2C6561D47F06F00A64FA3 /* Resources */,
			);
			buildRules = (
			);
			dependencies = (
			);
			name = MyTreeMap;
			productName = MyTreeMap;
			productReference = AFD2C6581D47F06F00A64FA3 /* MyTreeMap.app */;
			productType = "com.apple.product-type.application";
		};
		AFD2C6681D47F06F00A64FA3 /* MyTreeMapTests */ = {
			isa = PBXNativeTarget;
			buildConfigurationList = AFD2C6751D47F06F00A64FA3 /* Build configuration list for PBXNativeTarget "MyTreeMapTests" */;
			buildPhases = (
				AFD2C6651D47F06F00A64FA3 /* Sources */,
				AFD2C6661D47F06F00A64FA3 /* Frameworks */,
				AFD2C6671D47F06F00A64FA3 /* Resources */,
			);
			buildRules = (
			);
			dependencies = (
				AFD2C66B1D47F06F00A64FA3 /* PBXTargetDependency */,
			);
			name = MyTreeMapTests;
			productName = MyTreeMapTests;
			productReference = AFD2C6691D47F06F00A64FA3 /* MyTreeMapTests.xctest */;
			productType = "com.apple.product-type.bundle.unit-test";
		};
/* End PBXNativeTarget section */

/* Begin PBXProject section */
		AFD2C6501D47F06F00A64FA3 /* Project object */ = {
			isa = PBXProject;
			attributes = {
				LastSwiftUpdateCheck = 0730;
				LastUpgradeCheck = 0730;
				ORGANIZATIONNAME = "max rogers";
				TargetAttributes = {
					AFD2C6571D47F06F00A64FA3 = {
						CreatedOnToolsVersion = 7.3.1;
					};
					AFD2C6681D47F06F00A64FA3 = {
						CreatedOnToolsVersion = 7.3.1;
						TestTargetID = AFD2C6571D47F06F00A64FA3;
					};
				};
			};
			buildConfigurationList = AFD2C6531D47F06F00A64FA3 /* Build configuration list for PBXProject "MyTreeMap" */;
			compatibilityVersion = "Xcode 3.2";
			developmentRegion = English;
			hasScannedForEncodings = 0;
			knownRegions = (
				en,
				Base,
			);
			mainGroup = AFD2C64F1D47F06F00A64FA3;
			productRefGroup = AFD2C6591D47F06F00A64FA3 /* Products */;
			projectDirPath = "";
			projectRoot = "";
			targets = (
				AFD2C6571D47F06F00A64FA3 /* MyTreeMap */,
				AFD2C6681D47F06F00A64FA3 /* MyTreeMapTests */,
			);
		};
/* End PBXProject section */

/* Begin PBXResourcesBuildPhase section */
		AFD2C6561D47F06F00A64FA3 /* Resources */ = {
			isa = PBXResourcesBuildPhase;
			buildActionMask = 2147483647;
			files = (
				AFD2C6601D47F06F00A64FA3 /* Assets.xcassets in Resources */,
				AFD2C6631D47F06F00A64FA3 /* Main.storyboard in Resources */,
			);
			runOnlyForDeploymentPostprocessing = 0;
		};
		AFD2C6671D47F06F00A64FA3 /* Resources */ = {
			isa = PBXResourcesBuildPhase;
			buildActionMask = 2147483647;
			files = (
			);
			runOnlyForDeploymentPostprocessing = 0;
		};
/* End PBXResourcesBuildPhase section */

/* Begin PBXSourcesBuildPhase section */
		AFD2C6541D47F06F00A64FA3 /* Sources */ = {
			isa = PBXSourcesBuildPhase;
			buildActionMask = 2147483647;
			files = (
				AFD2C65E1D47F06F00A64FA3 /* ViewController.swift in Sources */,
				AFD2C65C1D47F06F00A64FA3 /* AppDelegate.swift in Sources */,
			);
			runOnlyForDeploymentPostprocessing = 0;
		};
		AFD2C6651D47F06F00A64FA3 /* Sources */ = {
			isa = PBXSourcesBuildPhase;
			buildActionMask = 2147483647;
			files = (
				AFD2C66E1D47F06F00A64FA3 /* MyTreeMapTests.swift in Sources */,
			);
			runOnlyForDeploymentPostprocessing = 0;
		};
/* End PBXSourcesBuildPhase section */

/* Begin PBXTargetDependency section */
		AFD2C66B1D47F06F00A64FA3 /* PBXTargetDependency */ = {
			isa = PBXTargetDependency;
			target = AFD2C6571D47F06F00A64FA3 /* MyTreeMap */;
			targetProxy = AFD2C66A1D47F06F00A64FA3 /* PBXContainerItemProxy */;
		};
/* End PBXTargetDependency section */

/* Begin PBXVariantGroup section */
		AFD2C6611D47F06F00A64FA3 /* Main.storyboard */ = {
			isa = PBXVariantGroup;
			children = (
				AFD2C6621D47F06F00A64FA3 /* Base */,
			);
			name = Main.storyboard;
			sourceTree = "<group>";
		};
/* End PBXVariantGroup section */

/* Begin XCBuildConfiguration section */
		AFD2C6701D47F06F00A64FA3 /* Debug */ = {
			isa = XCBuildConfiguration;
			buildSettings = {
				ALWAYS_SEARCH_USER_PATHS = NO;
				CLANG_ANALYZER_NONNULL = YES;
				CLANG_CXX_LANGUAGE_STANDARD = "gnu++0x";
				CLANG_CXX_LIBRARY = "libc++";
				CLANG_ENABLE_MODULES = YES;
				CLANG_ENABLE_OBJC_ARC = YES;
				CLANG_WARN_BOOL_CONVERSION = YES;
				CLANG_WARN_CONSTANT_CONVERSION = YES;
				CLANG_WARN_DIRECT_OBJC_ISA_USAGE = YES_ERROR;
				CLANG_WARN_EMPTY_BODY = YES;
				CLANG_WARN_ENUM_CONVERSION = YES;
				CLANG_WARN_INT_CONVERSION = YES;
				CLANG_WARN_OBJC_ROOT_CLASS = YES_ERROR;
				CLANG_WARN_UNREACHABLE_CODE = YES;
				CLANG_WARN__DUPLICATE_METHOD_MATCH = YES;
				CODE_SIGN_IDENTITY = "-";
				COPY_PHASE_STRIP = NO;
				DEBUG_INFORMATION_FORMAT = dwarf;
				ENABLE_STRICT_OBJC_MSGSEND = YES;
				ENABLE_TESTABILITY = YES;
				GCC_C_LANGUAGE_STANDARD = gnu99;
				GCC_DYNAMIC_NO_PIC = NO;
				GCC_NO_COMMON_BLOCKS = YES;
				GCC_OPTIMIZATION_LEVEL = 0;
				GCC_PREPROCESSOR_DEFINITIONS = (
					"DEBUG=1",
					"$(inherited)",
				);
				GCC_WARN_64_TO_32_BIT_CONVERSION = YES;
				GCC_WARN_ABOUT_RETURN_TYPE = YES_ERROR;
				GCC_WARN_UNDECLARED_SELECTOR = YES;
				GCC_WARN_UNINITIALIZED_AUTOS = YES_AGGRESSIVE;
				GCC_WARN_UNUSED_FUNCTION = YES;
				GCC_WARN_UNUSED_VARIABLE = YES;
				MACOSX_DEPLOYMENT_TARGET = 10.11;
				MTL_ENABLE_DEBUG_INFO = YES;
				ONLY_ACTIVE_ARCH = YES;
				SDKROOT = macosx;
				SWIFT_OPTIMIZATION_LEVEL = "-Onone";
			};
			name = Debug;
		};
		AFD2C6711D47F06F00A64FA3 /* Release */ = {
			isa = XCBuildConfiguration;
			buildSettings = {
				ALWAYS_SEARCH_USER_PATHS = NO;
				CLANG_ANALYZER_NONNULL = YES;
				CLANG_CXX_LANGUAGE_STANDARD = "gnu++0x";
				CLANG_CXX_LIBRARY = "libc++";
				CLANG_ENABLE_MODULES = YES;
				CLANG_ENABLE_OBJC_ARC = YES;
				CLANG_WARN_BOOL_CONVERSION = YES;
				CLANG_WARN_CONSTANT_CONVERSION = YES;
				CLANG_WARN_DIRECT_OBJC_ISA_USAGE = YES_ERROR;
				CLANG_WARN_EMPTY_BODY = YES;
				CLANG_WARN_ENUM_CONVERSION = YES;
				CLANG_WARN_INT_CONVERSION = YES;
				CLANG_WARN_OBJC_ROOT_CLASS = YES_ERROR;
				CLANG_WARN_UNREACHABLE_CODE = YES;
				CLANG_WARN__DUPLICATE_METHOD_MATCH = YES;
				CODE_SIGN_IDENTITY = "-";
				COPY_PHASE_STRIP = NO;
				DEBUG_INFORMATION_FORMAT = "dwarf-with-dsym";
				ENABLE_NS_ASSERTIONS = NO;
				ENABLE_STRICT_OBJC_MSGSEND = YES;
				GCC_C_LANGUAGE_STANDARD = gnu99;
				GCC_NO_COMMON_BLOCKS = YES;
				GCC_WARN_64_TO_32_BIT_CONVERSION = YES;
				GCC_WARN_ABOUT_RETURN_TYPE = YES_ERROR;
				GCC_WARN_UNDECLARED_SELECTOR = YES;
				GCC_WARN_UNINITIALIZED_AUTOS = YES_AGGRESSIVE;
				GCC_WARN_UNUSED_FUNCTION = YES;
				GCC_WARN_UNUSED_VARIABLE = YES;
				MACOSX_DEPLOYMENT_TARGET = 10.11;
				MTL_ENABLE_DEBUG_INFO = NO;
				SDKROOT = macosx;
			};
			name = Release;
		};
		AFD2C6731D47F06F00A64FA3 /* Debug */ = {
			isa = XCBuildConfiguration;
			buildSettings = {
				ASSETCATALOG_COMPILER_APPICON_NAME = AppIcon;
				COMBINE_HIDPI_IMAGES = YES;
				INFOPLIST_FILE = MyTreeMap/Info.plist;
				LD_RUNPATH_SEARCH_PATHS = "$(inherited) @executable_path/../Frameworks";
				PRODUCT_BUNDLE_IDENTIFIER = max.rogers.MyTreeMap;
				PRODUCT_NAME = "$(TARGET_NAME)";
			};
			name = Debug;
		};
		AFD2C6741D47F06F00A64FA3 /* Release */ = {
			isa = XCBuildConfiguration;
			buildSettings = {
				ASSETCATALOG_COMPILER_APPICON_NAME = AppIcon;
				COMBINE_HIDPI_IMAGES = YES;
				INFOPLIST_FILE = MyTreeMap/Info.plist;
				LD_RUNPATH_SEARCH_PATHS = "$(inherited) @executable_path/../Frameworks";
				PRODUCT_BUNDLE_IDENTIFIER = max.rogers.MyTreeMap;
				PRODUCT_NAME = "$(TARGET_NAME)";
			};
			name = Release;
		};
		AFD2C6761D47F06F00A64FA3 /* Debug */ = {
			isa = XCBuildConfiguration;
			buildSettings = {
				BUNDLE_LOADER = "$(TEST_HOST)";
				COMBINE_HIDPI_IMAGES = YES;
				INFOPLIST_FILE = MyTreeMapTests/Info.plist;
				LD_RUNPATH_SEARCH_PATHS = "$(inherited) @executable_path/../Frameworks @loader_path/../Frameworks";
				PRODUCT_BUNDLE_IDENTIFIER = max.rogers.MyTreeMapTests;
				PRODUCT_NAME = "$(TARGET_NAME)";
				TEST_HOST = "$(BUILT_PRODUCTS_DIR)/MyTreeMap.app/Contents/MacOS/MyTreeMap";
			};
			name = Debug;
		};
		AFD2C6771D47F06F00A64FA3 /* Release */ = {
			isa = XCBuildConfiguration;
			buildSettings = {
				BUNDLE_LOADER = "$(TEST_HOST)";
				COMBINE_HIDPI_IMAGES = YES;
				INFOPLIST_FILE = MyTreeMapTests/Info.plist;
				LD_RUNPATH_SEARCH_PATHS = "$(inherited) @executable_path/../Frameworks @loader_path/../Frameworks";
				PRODUCT_BUNDLE_IDENTIFIER = max.rogers.MyTreeMapTests;
				PRODUCT_NAME = "$(TARGET_NAME)";
				TEST_HOST = "$(BUILT_PRODUCTS_DIR)/MyTreeMap.app/Contents/MacOS/MyTreeMap";
			};
			name = Release;
		};
/* End XCBuildConfiguration section */

/* Begin XCConfigurationList section */
		AFD2C6531D47F06F00A64FA3 /* Build configuration list for PBXProject "MyTreeMap" */ = {
			isa = XCConfigurationList;
			buildConfigurations = (
				AFD2C6701D47F06F00A64FA3 /* Debug */,
				AFD2C6711D47F06F00A64FA3 /* Release */,
			);
			defaultConfigurationIsVisible = 0;
			defaultConfigurationName = Release;
		};
		AFD2C6721D47F06F00A64FA3 /* Build configuration list for PBXNativeTarget "MyTreeMap" */ = {
			isa = XCConfigurationList;
			buildConfigurations = (
				AFD2C6731D47F06F00A64FA3 /* Debug */,
				AFD2C6741D47F06F00A64FA3 /* Release */,
			);
			defaultConfigurationIsVisible = 0;
		};
		AFD2C6751D47F06F00A64FA3 /* Build configuration list for PBXNativeTarget "MyTreeMapTests" */ = {
			isa = XCConfigurationList;
			buildConfigurations = (
				AFD2C6761D47F06F00A64FA3 /* Debug */,
				AFD2C6771D47F06F00A64FA3 /* Release */,
			);
			defaultConfigurationIsVisible = 0;
		};
/* End XCConfigurationList section */
	};
	rootObject = AFD2C6501D47F06F00A64FA3 /* Project object */;
}
